<Solution>
  <Folder Name="/infra/">
    <File Path="base-stack.template" />
    <File Path="deploy-infra.ps1" />
  </Folder>
  <Folder Name="/Solution Items/">
    <File Path="README.md" />
  </Folder>
  <Project Path="AvalonPizza.Server/AvalonPizza.Server.csproj" />
  <Project Path="AvalonPizza.Tests/AvalonPizza.Tests.csproj" Id="2edeb633-d87d-4f7c-909a-137a80bfc11d" />
</Solution>
